
Microsoft Visual Studio Solution File, Format Version 12.00
# Visual Studio 15
VisualStudioVersion = 15.0.28010.2036
MinimumVisualStudioVersion = 10.0.40219.1
Project("{FAE04EC0-301F-11D3-BF4B-00C04F79EFBC}") = "hhi_client", "..\HappyHandIn\hhi_client\hhi_client.csproj", "{473CB965-AFBC-4F96-9270-9037F5F89E04}"
	ProjectSection(ProjectDependencies) = postProject
		{B4CB0656-BD16-44F7-AF66-C51ABC8CC2ED} = {B4CB0656-BD16-44F7-AF66-C51ABC8CC2ED}
	EndProjectSection
EndProject
Project("{FAE04EC0-301F-11D3-BF4B-00C04F79EFBC}") = "hhi_local", "..\HappyHandIn\hhi_local\hhi_local.csproj", "{43716458-F8C7-4CE1-9EBE-682C2C0AA1FD}"
	ProjectSection(ProjectDependencies) = postProject
		{19589E37-3C20-43C8-9328-253C55D849CD} = {19589E37-3C20-43C8-9328-253C55D849CD}
		{B4CB0656-BD16-44F7-AF66-C51ABC8CC2ED} = {B4CB0656-BD16-44F7-AF66-C51ABC8CC2ED}
	EndProjectSection
EndProject
Project("{FAE04EC0-301F-11D3-BF4B-00C04F79EFBC}") = "hhi_server", "..\HappyHandIn\hhi_server\hhi_server.csproj", "{C2505997-1E64-435B-91FA-ABAC88D6794C}"
	ProjectSection(ProjectDependencies) = postProject
		{19589E37-3C20-43C8-9328-253C55D849CD} = {19589E37-3C20-43C8-9328-253C55D849CD}
		{B4CB0656-BD16-44F7-AF66-C51ABC8CC2ED} = {B4CB0656-BD16-44F7-AF66-C51ABC8CC2ED}
	EndProjectSection
EndProject
Project("{FAE04EC0-301F-11D3-BF4B-00C04F79EFBC}") = "stLib_CS", "..\..\stLib_CS\stLib_CS.csproj", "{B4CB0656-BD16-44F7-AF66-C51ABC8CC2ED}"
EndProject
Project("{2150E333-8FDC-42A3-9474-1A3956D46DE8}") = "net", "net", "{711B381F-1118-4CD9-A6BF-39BC93D80899}"
EndProject
Project("{2150E333-8FDC-42A3-9474-1A3956D46DE8}") = "test", "test", "{02A4FA6E-8D18-4878-B4EC-1F3918BE9275}"
EndProject
Project("{2150E333-8FDC-42A3-9474-1A3956D46DE8}") = "lib", "lib", "{011E10D6-E78D-4F27-90CA-384A8C250E1B}"
EndProject
Project("{2150E333-8FDC-42A3-9474-1A3956D46DE8}") = "hhi", "hhi", "{8F4F71AF-E9E3-4A9D-9E77-A308D7CA2901}"
EndProject
Project("{FAE04EC0-301F-11D3-BF4B-00C04F79EFBC}") = "hhi_modules", "..\HappyHandIn\hhi_modules\hhi_modules.csproj", "{19589E37-3C20-43C8-9328-253C55D849CD}"
EndProject
Global
	GlobalSection(SolutionConfigurationPlatforms) = preSolution
		Debug|Any CPU = Debug|Any CPU
		Debug|x86 = Debug|x86
		Release|Any CPU = Release|Any CPU
		Release|x86 = Release|x86
	EndGlobalSection
	GlobalSection(ProjectConfigurationPlatforms) = postSolution
		{473CB965-AFBC-4F96-9270-9037F5F89E04}.Debug|Any CPU.ActiveCfg = Debug|Any CPU
		{473CB965-AFBC-4F96-9270-9037F5F89E04}.Debug|Any CPU.Build.0 = Debug|Any CPU
		{473CB965-AFBC-4F96-9270-9037F5F89E04}.Debug|x86.ActiveCfg = Debug|Any CPU
		{473CB965-AFBC-4F96-9270-9037F5F89E04}.Debug|x86.Build.0 = Debug|Any CPU
		{473CB965-AFBC-4F96-9270-9037F5F89E04}.Release|Any CPU.ActiveCfg = Release|Any CPU
		{473CB965-AFBC-4F96-9270-9037F5F89E04}.Release|Any CPU.Build.0 = Release|Any CPU
		{473CB965-AFBC-4F96-9270-9037F5F89E04}.Release|x86.ActiveCfg = Release|Any CPU
		{473CB965-AFBC-4F96-9270-9037F5F89E04}.Release|x86.Build.0 = Release|Any CPU
		{43716458-F8C7-4CE1-9EBE-682C2C0AA1FD}.Debug|Any CPU.ActiveCfg = Debug|x86
		{43716458-F8C7-4CE1-9EBE-682C2C0AA1FD}.Debug|x86.ActiveCfg = Debug|x86
		{43716458-F8C7-4CE1-9EBE-682C2C0AA1FD}.Debug|x86.Build.0 = Debug|x86
		{43716458-F8C7-4CE1-9EBE-682C2C0AA1FD}.Release|Any CPU.ActiveCfg = Release|x86
		{43716458-F8C7-4CE1-9EBE-682C2C0AA1FD}.Release|x86.ActiveCfg = Release|x86
		{43716458-F8C7-4CE1-9EBE-682C2C0AA1FD}.Release|x86.Build.0 = Release|x86
		{C2505997-1E64-435B-91FA-ABAC88D6794C}.Debug|Any CPU.ActiveCfg = Debug|Any CPU
		{C2505997-1E64-435B-91FA-ABAC88D6794C}.Debug|Any CPU.Build.0 = Debug|Any CPU
		{C2505997-1E64-435B-91FA-ABAC88D6794C}.Debug|x86.ActiveCfg = Debug|Any CPU
		{C2505997-1E64-435B-91FA-ABAC88D6794C}.Debug|x86.Build.0 = Debug|Any CPU
		{C2505997-1E64-435B-91FA-ABAC88D6794C}.Release|Any CPU.ActiveCfg = Release|Any CPU
		{C2505997-1E64-435B-91FA-ABAC88D6794C}.Release|Any CPU.Build.0 = Release|Any CPU
		{C2505997-1E64-435B-91FA-ABAC88D6794C}.Release|x86.ActiveCfg = Release|Any CPU
		{C2505997-1E64-435B-91FA-ABAC88D6794C}.Release|x86.Build.0 = Release|Any CPU
		{B4CB0656-BD16-44F7-AF66-C51ABC8CC2ED}.Debug|Any CPU.ActiveCfg = Debug|Any CPU
		{B4CB0656-BD16-44F7-AF66-C51ABC8CC2ED}.Debug|Any CPU.Build.0 = Debug|Any CPU
		{B4CB0656-BD16-44F7-AF66-C51ABC8CC2ED}.Debug|x86.ActiveCfg = Debug|Any CPU
		{B4CB0656-BD16-44F7-AF66-C51ABC8CC2ED}.Debug|x86.Build.0 = Debug|Any CPU
		{B4CB0656-BD16-44F7-AF66-C51ABC8CC2ED}.Release|Any CPU.ActiveCfg = Release|Any CPU
		{B4CB0656-BD16-44F7-AF66-C51ABC8CC2ED}.Release|Any CPU.Build.0 = Release|Any CPU
		{B4CB0656-BD16-44F7-AF66-C51ABC8CC2ED}.Release|x86.ActiveCfg = Release|Any CPU
		{B4CB0656-BD16-44F7-AF66-C51ABC8CC2ED}.Release|x86.Build.0 = Release|Any CPU
		{19589E37-3C20-43C8-9328-253C55D849CD}.Debug|Any CPU.ActiveCfg = Debug|Any CPU
		{19589E37-3C20-43C8-9328-253C55D849CD}.Debug|Any CPU.Build.0 = Debug|Any CPU
		{19589E37-3C20-43C8-9328-253C55D849CD}.Debug|x86.ActiveCfg = Debug|Any CPU
		{19589E37-3C20-43C8-9328-253C55D849CD}.Debug|x86.Build.0 = Debug|Any CPU
		{19589E37-3C20-43C8-9328-253C55D849CD}.Release|Any CPU.ActiveCfg = Release|Any CPU
		{19589E37-3C20-43C8-9328-253C55D849CD}.Release|Any CPU.Build.0 = Release|Any CPU
		{19589E37-3C20-43C8-9328-253C55D849CD}.Release|x86.ActiveCfg = Release|Any CPU
		{19589E37-3C20-43C8-9328-253C55D849CD}.Release|x86.Build.0 = Release|Any CPU
	EndGlobalSection
	GlobalSection(SolutionProperties) = preSolution
		HideSolutionNode = FALSE
	EndGlobalSection
	GlobalSection(NestedProjects) = preSolution
		{473CB965-AFBC-4F96-9270-9037F5F89E04} = {711B381F-1118-4CD9-A6BF-39BC93D80899}
		{43716458-F8C7-4CE1-9EBE-682C2C0AA1FD} = {8F4F71AF-E9E3-4A9D-9E77-A308D7CA2901}
		{C2505997-1E64-435B-91FA-ABAC88D6794C} = {711B381F-1118-4CD9-A6BF-39BC93D80899}
		{B4CB0656-BD16-44F7-AF66-C51ABC8CC2ED} = {011E10D6-E78D-4F27-90CA-384A8C250E1B}
		{711B381F-1118-4CD9-A6BF-39BC93D80899} = {8F4F71AF-E9E3-4A9D-9E77-A308D7CA2901}
		{19589E37-3C20-43C8-9328-253C55D849CD} = {8F4F71AF-E9E3-4A9D-9E77-A308D7CA2901}
	EndGlobalSection
	GlobalSection(ExtensibilityGlobals) = postSolution
		SolutionGuid = {17DD632D-327D-41C7-8941-FD2DE36EF7D2}
	EndGlobalSection
EndGlobal
